version = 1
revision = 3
requires-python = "==3.14.*"
resolution-markers = [
    "sys_platform == 'win32'",
    "sys_platform == 'emscripten'",
    "sys_platform != 'emscripten' and sys_platform != 'win32'",
]

[[package]]
name = "colorama"
version = "0.4.6"
source = { registry = "https://pypi.org/simple" }
sdist = { url = "https://files.pythonhosted.org/packages/d8/53/6f443c9a4a8358a93a6792e2acffb9d9d5cb0a5cfd8802644b7b1c9a02e4/colorama-0.4.6.tar.gz", hash = "sha256:08695f5cb7ed6e0531a20572697297273c47b8cae5a63ffc6d6ed5c201be6e44", size = 27697, upload-time = "2022-10-25T02:36:22.414Z" }
wheels = [
    { url = "https://files.pythonhosted.org/packages/d1/d6/3965ed04c63042e047cb6a3e6ed1a63a35087b6a609aa3a15ed8ac56c221/colorama-0.4.6-py2.py3-none-any.whl", hash = "sha256:4f1d9991f5acc0ca119f9d443620b77f9d6b33703e51011c16baf57afb285fc6", size = 25335, upload-time = "2022-10-25T02:36:20.889Z" },
]

[[package]]
name = "coverage"
version = "7.16.0"
source = { registry = "https://pypi.org/simple" }
sdist = { url = "https://files.pythonhosted.org/packages/d1/f5/deb1a27aa20746c0278ac998c4179e272004699b2d33959ce020c5ac1615/coverage-7.16.0.tar.gz", hash = "sha256:077f0964087883176ff6ab9b074694cae29f8c708273b13ca62c183c6ed716cd", size = 945620, upload-time = "2026-08-28T21:54:37.74Z" }
wheels = [
    { url = "https://files.pythonhosted.org/packages/ea/73/850675f262391b322c4c988b6cdc32cdc6629288f0fb158687b587a393a8/coverage-7.16.0-cp314-cp314-macosx_10_15_x86_64.whl", hash = "sha256:54b7fba6a74d010de34319a0419d5b65af8c00f539ad0b6f39fc6f342ab99697", size = 223258, upload-time = "2026-08-28T21:52:23.558Z" },
    { url = "https://files.pythonhosted.org/packages/61/c1/4f54c6d47c80d1cc58ef8fe6b74e6eb50f9e2c0f6e2de6cf38dbca2937b8/coverage-7.16.0-cp314-cp314-macosx_11_0_arm64.whl", hash = "sha256:fa4ff0b3dd52208d2b30903022d5087f82000507b504753dfeee83e4f32d6883", size = 223587, upload-time = "2026-08-28T21:52:25.627Z" },
    { url = "https://files.pythonhosted.org/packages/3c/be/298f2456230fb44e272a4e53a41b3f3c39f0821c242d7b7daa9787b4d6f7/coverage-7.16.0-cp314-cp314-manylinux1_i686.manylinux_2_28_i686.manylinux_2_5_i686.whl", hash = "sha256:35a9676bf86097f790113ebd9fb67681804ef54d40941d2f10ba68c02239e575", size = 254632, upload-time = "2026-08-28T21:52:27.689Z" },
    { url = "https://files.pythonhosted.org/packages/a3/9c/a1bda6439c19c4783d50df896142b67b9e7d432db36675d339a32778669d/coverage-7.16.0-cp314-cp314-manylinux1_x86_64.manylinux_2_28_x86_64.manylinux_2_5_x86_64.whl", hash = "sha256:f98d438add63546745e5e847192e3e9ab897ed6f2ca96f8281e2f5a15958ae62", size = 257139, upload-time = "2026-08-28T21:52:29.741Z" },
    { url = "https://files.pythonhosted.org/packages/f8/cd/cd735c9be757f97237c305f36897a5e5b348bdbc12ebed3b2b80060dd8a9/coverage-7.16.0-cp314-cp314-manylinux2014_aarch64.manylinux_2_17_aarch64.manylinux_2_28_aarch64.whl", hash = "sha256:151855767480be14db595cbc2040f6a4db965cdfeebd354d79b0256742b029e0", size = 258484, upload-time = "2026-08-28T21:52:31.68Z" },
    { url = "https://files.pythonhosted.org/packages/e4/04/84b2e1e8aae9db3f549782f28ce25bba5fd6a9c7bfba3782ffe8b4cd2559/coverage-7.16.0-cp314-cp314-manylinux2014_ppc64le.manylinux_2_17_ppc64le.manylinux_2_28_ppc64le.whl", hash = "sha256:183613f664718b340589d7f005c7e92b4b601cffd20a8a4117cfda3e983b080f", size = 260798, upload-time = "2026-08-28T21:52:33.642Z" },
    { url = "https://files.pythonhosted.org/packages/8a/4f/e04cf52483619a4dc5dd6367b30c9a8ac52243567fdfacec9b11a441565c/coverage-7.16.0-cp314-cp314-manylinux_2_31_riscv64.manylinux_2_39_riscv64.whl", hash = "sha256:785b114356c99c0dd5b3f57b9696cfd57b7704f4c53847df8dc88c6cc0d9bcb6", size = 254612, upload-time = "2026-08-28T21:52:35.543Z" },
    { url = "https://files.pythonhosted.org/packages/da/33/627c4113f66bfffd43807f54dbf080c4632ecf12e4ef7a3bdd4ec38e46a2/coverage-7.16.0-cp314-cp314-musllinux_1_2_aarch64.whl", hash = "sha256:30f5aee6d1d517abcdfd4f9cad027969ff79a1440a22da263f9514e31b5b66e9", size = 256495, upload-time = "2026-08-28T21:52:37.485Z" },
    { url = "https://files.pythonhosted.org/packages/3c/38/aaca432f4e008a88f2bc4d1459aa7016d8d1bbbe801f7e4fa3cf2746557b/coverage-7.16.0-cp314-cp314-musllinux_1_2_i686.whl", hash = "sha256:190ffa0f5af966254c249fb3aeaca2cef389785e3e287fd577d39e134d20f8a3", size = 254454, upload-time = "2026-08-28T21:52:39.425Z" },
    { url = "https://files.pythonhosted.org/packages/cc/db/8430aa87ef0a508f4c17c1b8fa7e0cf80231988d9081aa36c194036592d6/coverage-7.16.0-cp314-cp314-musllinux_1_2_ppc64le.whl", hash = "sha256:0ccc37c00e1a5d30840902c54557e104d04aead872cedf6d2281c8725a467e06", size = 258728, upload-time = "2026-08-28T21:52:41.32Z" },
    { url = "https://files.pythonhosted.org/packages/76/88/cd8aa8c82493ffbd291d3ef5554452fffc634c6c6098a04ac848c79c98f3/coverage-7.16.0-cp314-cp314-musllinux_1_2_riscv64.whl", hash = "sha256:6c60cde430c0e7e3be612973af39b4cff90ec2e2defe7b2b701daea3a0ffff04", size = 254271, upload-time = "2026-08-28T21:52:43.278Z" },
    { url = "https://files.pythonhosted.org/packages/a8/49/fe16c811ea9314a84b48f34e4bf5a3d9013091093b285a74b2272fc863d7/coverage-7.16.0-cp314-cp314-musllinux_1_2_x86_64.whl", hash = "sha256:c5297028c8df849a61b29129cadfe682f90b5b396f528eb319a57d7678eefdad", size = 255927, upload-time = "2026-08-28T21:52:45.461Z" },
    { url = "https://files.pythonhosted.org/packages/d1/45/d0bd410e78cfbf768acc8099b335e1d5c0d5c26103c796d2bebdee001715/coverage-7.16.0-cp314-cp314-win32.whl", hash = "sha256:136988df5bc5a48795d9c42c75c4bbda5d9a78e750a080c1233010edff93a1af", size = 225424, upload-time = "2026-08-28T21:52:47.658Z" },
    { url = "https://files.pythonhosted.org/packages/17/78/1ce6ce4646822e9308dcdb1942eaf31bfd7da43247b8886338b0d6fe3767/coverage-7.16.0-cp314-cp314-win_amd64.whl", hash = "sha256:ce2ba5e9f1842fe09165825abfb3bc6b527c71a27bc2eb3a10f2284ced64506d", size = 225918, upload-time = "2026-08-28T21:52:49.692Z" },
    { url = "https://files.pythonhosted.org/packages/f9/cd/e1323fe3a7dfcdd709451a43fe708ca1dfd36a7fc07b34eb7bd1dfdfb52d/coverage-7.16.0-cp314-cp314-win_arm64.whl", hash = "sha256:a89d07e48d9baead9a15599923a02f62c6df6c3d85aa84ef34be3c9fd6aeb91f", size = 225344, upload-time = "2026-08-28T21:52:51.665Z" },
    { url = "https://files.pythonhosted.org/packages/39/fb/1c15460d4cf915f09ae3ad3862fef4f901838991c5641b0cec545050d810/coverage-7.16.0-cp314-cp314t-macosx_10_15_x86_64.whl", hash = "sha256:6e2854b62601c89a63814ad5def3b90d99c6724cc4cb977f75b725e5fca4b1e3", size = 223986, upload-time = "2026-08-28T21:52:53.572Z" },
    { url = "https://files.pythonhosted.org/packages/9f/73/347d2d0009ac211f79ee2a2364fd2aa19d6b9628dc22ed13a9b9386097ab/coverage-7.16.0-cp314-cp314t-macosx_11_0_arm64.whl", hash = "sha256:f093faf23df888518d273be6da65f0ec5a25b5d8b670231e4d87de07361042e7", size = 224254, upload-time = "2026-08-28T21:52:55.59Z" },
    { url = "https://files.pythonhosted.org/packages/5a/2f/51442e6ad9d705369596f08496021647e276d5b57311818fd4312d93509b/coverage-7.16.0-cp314-cp314t-manylinux1_i686.manylinux_2_28_i686.manylinux_2_5_i686.whl", hash = "sha256:b7dbbbf6551eb94618e7bc76ab61cc2740a5b3d13294171bd6adb36e12346c3c", size = 265619, upload-time = "2026-08-28T21:52:57.645Z" },
    { url = "https://files.pythonhosted.org/packages/ea/8e/0f752276f6d13efbd019ab6d90792e20d6272c44cda039dc5c6d27b91e7f/coverage-7.16.0-cp314-cp314t-manylinux1_x86_64.manylinux_2_28_x86_64.manylinux_2_5_x86_64.whl", hash = "sha256:51e7d0e311d2fba3915f971236cbdd4ad821fc7a23988221c0b33c964b0eba22", size = 267734, upload-time = "2026-08-28T21:52:59.611Z" },
    { url = "https://files.pythonhosted.org/packages/fa/02/4df3baef8029881c9d1a380859f2be73f90080d430def567d182e8566a35/coverage-7.16.0-cp314-cp314t-manylinux2014_aarch64.manylinux_2_17_aarch64.manylinux_2_28_aarch64.whl", hash = "sha256:0bb04ee77e557d7476471969d35fbbfb5fc8a4152e9409aa5811780c36d9b23e", size = 270156, upload-time = "2026-08-28T21:53:01.658Z" },
    { url = "https://files.pythonhosted.org/packages/9f/30/ce10fdb74055ebbfb5c8a025d8845dc19c76e4b2c42bb5c755b56678990c/coverage-7.16.0-cp314-cp314t-manylinux2014_ppc64le.manylinux_2_17_ppc64le.manylinux_2_28_ppc64le.whl", hash = "sha256:c72c9b201dc0e8c2c8821d49858fd865010d08181bf877d2320971b6464ebfd5", size = 271279, upload-time = "2026-08-28T21:53:03.698Z" },
    { url = "https://files.pythonhosted.org/packages/71/19/c7e1fc9504d90da848493bad4018dd235c713a80633e48c5f0a41b63d45e/coverage-7.16.0-cp314-cp314t-manylinux_2_31_riscv64.manylinux_2_39_riscv64.whl", hash = "sha256:0fca700cae4635656668ba6e2b66a85aac9f2622d7b2bcf82e844c409eaa1313", size = 264677, upload-time = "2026-08-28T21:53:05.741Z" },
    { url = "https://files.pythonhosted.org/packages/a4/f3/4021519dd41583ab396c81955387f927779641f6bac26818b6918a45aafc/coverage-7.16.0-cp314-cp314t-musllinux_1_2_aarch64.whl", hash = "sha256:584896fb8b650e999e24ef57e9513e482c12f8e15a73ee9d4584e23c99465867", size = 267610, upload-time = "2026-08-28T21:53:07.763Z" },
    { url = "https://files.pythonhosted.org/packages/55/fc/df65aac93938d8f506434c8e96440c1d696f6be0a6a01d3c6bfe5d49403e/coverage-7.16.0-cp314-cp314t-musllinux_1_2_i686.whl", hash = "sha256:949eae7e0f562b1518355aaef4b03523e49a6d3fea12aa3542d9e36c863f8267", size = 265217, upload-time = "2026-08-28T21:53:09.786Z" },
    { url = "https://files.pythonhosted.org/packages/32/2d/dc9a5e62715165fcb4c715f965f411e324917c9daeddde16536e9d36ce3f/coverage-7.16.0-cp314-cp314t-musllinux_1_2_ppc64le.whl", hash = "sha256:64f0611ee05364fc85cc3e5bc371804117a76fd337720e6017332fc7c534257a", size = 268948, upload-time = "2026-08-28T21:53:11.866Z" },
    { url = "https://files.pythonhosted.org/packages/8b/4e/fe73a5560f25fca52acda76fc1554f30de081793ae4de97e920f8ab161d7/coverage-7.16.0-cp314-cp314t-musllinux_1_2_riscv64.whl", hash = "sha256:050a291b3cfe5e0df5999ef2fa5a7aff6e2db329f069d47eb63f02bde2e7e96b", size = 264061, upload-time = "2026-08-28T21:53:13.996Z" },
    { url = "https://files.pythonhosted.org/packages/b3/f7/bb78cc4b97085ebbd77fa18cbc25abfab462814efa3e2363b4e50885c775/coverage-7.16.0-cp314-cp314t-musllinux_1_2_x86_64.whl", hash = "sha256:a336b1e2990a64f5c356a9b8380fb9c029d56c832b801255250c44d603271bfd", size = 266371, upload-time = "2026-08-28T21:53:16.233Z" },
    { url = "https://files.pythonhosted.org/packages/aa/ec/84b4af5cd4ad498477b3bfb2217e47b048da919451053790efda66f7383c/coverage-7.16.0-cp314-cp314t-win32.whl", hash = "sha256:058631257350b31784ed43ceb808298b6f074edf4ebca4c7ce5082e6bf873a61", size = 225736, upload-time = "2026-08-28T21:53:18.632Z" },
    { url = "https://files.pythonhosted.org/packages/7e/43/50fc0e6c675c3ef14895a74bab2d6120cb5d6f4b562a3d3f5046797758dc/coverage-7.16.0-cp314-cp314t-win_amd64.whl", hash = "sha256:ed35097438dfa980c1ec75bc83edf8acbe7a374d7007e571957a257fbd0e2fb3", size = 226570, upload-time = "2026-08-28T21:53:20.754Z" },
    { url = "https://files.pythonhosted.org/packages/fc/24/9effce7bcd3c6eeb4da3561905837509e582dcdde7a7f07d6ef2c8512f76/coverage-7.16.0-cp314-cp314t-win_arm64.whl", hash = "sha256:0466f4a5c0370461b7d8c7eb259d7d1db0b5756f13d66230b04d22a1d380ee11", size = 225879, upload-time = "2026-08-28T21:53:22.747Z" },
    { url = "https://files.pythonhosted.org/packages/b1/5a/234e8fadf85c3cc48cb31c247b9e8e0c7f06ece80f5b29f9b8c241f9da4c/coverage-7.16.0-py3-none-any.whl", hash = "sha256:245f7de6d023a5bba375dbec9f2e0869bfa26ac0cc639bbb7b4c814884000b73", size = 214977, upload-time = "2026-08-28T21:54:35.189Z" },
]

[[package]]
name = "fastexcel"
version = "0.21.0"
source = { registry = "https://pypi.org/simple" }
sdist = { url = "https://files.pythonhosted.org/packages/ab/16/d3b4465e1c32736ada7e1bc5a11334f3b38d747074aa01c60877d01dff81/fastexcel-0.21.0.tar.gz", hash = "sha256:07313c1267ab47ba639abf1122efd5985a1fb08efc996194f422ab17f06149c5", size = 61036, upload-time = "2026-08-19T13:00:20.184Z" }
wheels = [
    { url = "https://files.pythonhosted.org/packages/94/98/461c22faa286d7635343fcfbacbed4edf77d98f06fb4426e646ae5438d66/fastexcel-0.21.0-cp310-abi3-macosx_10_12_x86_64.whl", hash = "sha256:c3e7ab5d8c8b6c5a787aaf2b64604bd8b93b94694920a2ed731ea556a81d9a35", size = 3421831, upload-time = "2026-08-19T13:00:07.163Z" },
    { url = "https://files.pythonhosted.org/packages/69/ff/a6b1b97a94bbcc0d64b946e831ff937c2c803b019a7600fc69f953c38370/fastexcel-0.21.0-cp310-abi3-macosx_11_0_arm64.whl", hash = "sha256:768b663728cb5f29e159428fdf3a3f74e379534c2f0304b300bd95039d482abe", size = 3264928, upload-time = "2026-08-19T13:00:09.133Z" },
    { url = "https://files.pythonhosted.org/packages/a8/a1/27454838aca7921826dd02be3828a20fcaaa36e641762bf070642c8ad65e/fastexcel-0.21.0-cp310-abi3-manylinux_2_17_aarch64.manylinux2014_aarch64.whl", hash = "sha256:3c6e66906fe3b9f68f94c4c94e2ac21b6eebd862b703983c8e0c009f91c71754", size = 3719994, upload-time = "2026-08-19T12:59:50.076Z" },
    { url = "https://files.pythonhosted.org/packages/30/b8/2f5de2ec4026aa2e121a5da3d25b1d20f653bffdd569dfb74df6732ab99d/fastexcel-0.21.0-cp310-abi3-manylinux_2_17_x86_64.manylinux2014_x86_64.whl", hash = "sha256:9ddb458fecbbf1804c0952155fb99d18025d86e345b57a5435e0553944f25578", size = 3789119, upload-time = "2026-08-19T12:59:52.278Z" },
    { url = "https://files.pythonhosted.org/packages/5d/b2/1e08ffca9481fa2103409a9bef52a91f0963867b4ea649a3d9e8f5c45554/fastexcel-0.21.0-cp310-abi3-musllinux_1_2_aarch64.whl", hash = "sha256:0376944edf90c98008b49b200f7354122ba9abac6c21bab76487655738b041b7", size = 3895258, upload-time = "2026-08-19T12:59:54.374Z" },
    { url = "https://files.pythonhosted.org/packages/6d/68/4f0d0b5d41c9fe22d45ec2b8412566cb79fbd4f412b6f33a7f60a302c1e8/fastexcel-0.21.0-cp310-abi3-musllinux_1_2_x86_64.whl", hash = "sha256:e919a4eaa15330341744cfee33d1f87d041d08228ce68809790e3738e80811e8", size = 4047752, upload-time = "2026-08-19T12:59:56.424Z" },
    { url = "https://files.pythonhosted.org/packages/8a/88/6879abe39db93b2c1939fe146d1335d95c30e961c2807f5bc516d4e305e1/fastexcel-0.21.0-cp310-abi3-win_amd64.whl", hash = "sha256:e1db4666a0790b48c76bb5a43cda06ffecebb22706f9ac6b3f07bcb0e7336134", size = 3318648, upload-time = "2026-08-19T13:00:14.784Z" },
    { url = "https://files.pythonhosted.org/packages/f3/03/5c8c97b47289bead5a3ba0b6cba01d27377b857446c65918c43e1b008d94/fastexcel-0.21.0-cp310-abi3-win_arm64.whl", hash = "sha256:86af0a1e3c3d8657916ea434f11636df4e4b49e0cf665b4ea39349a83d4ca3c8", size = 3035704, upload-time = "2026-08-19T13:00:16.64Z" },
    { url = "https://files.pythonhosted.org/packages/74/9d/ef3dd2022d943620653f65fd160f81be27c576a54b9ecd26cd1731da365b/fastexcel-0.21.0-cp314-cp314t-macosx_10_12_x86_64.whl", hash = "sha256:f6cf28f5f3fed1f34aa15bf021d2c04bf947720df70f54b131258c913bc3b4cf", size = 3419154, upload-time = "2026-08-19T13:00:11.145Z" },
    { url = "https://files.pythonhosted.org/packages/e4/82/763ecd88db11d6f98b78aa1b951c2a259d84d6d285af2f6dd525948062f4/fastexcel-0.21.0-cp314-cp314t-macosx_11_0_arm64.whl", hash = "sha256:ef2a6953e8350966d32632e3bc064edaab64ea2899f2027e564269fa7d75fb58", size = 3251184, upload-time = "2026-08-19T13:00:12.965Z" },
    { url = "https://files.pythonhosted.org/packages/7c/0d/fce85550c9138e5e2517b33d9ec000222710b3bdc6563a6c91fddff3eb52/fastexcel-0.21.0-cp314-cp314t-manylinux_2_17_aarch64.manylinux2014_aarch64.whl", hash = "sha256:6f8fdbfd80647714a2b3d49de2517d0466f6c046aa215c16fb569c48aef8d0ee", size = 3711549, upload-time = "2026-08-19T12:59:58.613Z" },
    { url = "https://files.pythonhosted.org/packages/ac/47/b768f8165e16f15345b5eec06507b33e88cc8934d5e9d0e602d26bfdba8a/fastexcel-0.21.0-cp314-cp314t-manylinux_2_17_x86_64.manylinux2014_x86_64.whl", hash = "sha256:47c6f42b3b82a158e4e6c4e1ed53ba0b96cec132d1fed828c8411e6f6ba5caab", size = 3778980, upload-time = "2026-08-19T13:00:00.807Z" },
    { url = "https://files.pythonhosted.org/packages/d1/e8/3d9626a0b1e50704bfc19df2f69e2b3e7870f43e6cd8509565b5aa32e5b6/fastexcel-0.21.0-cp314-cp314t-musllinux_1_2_aarch64.whl", hash = "sha256:bce27f751cf1661f823088e89c11375448d19e425e3c3aa993c356720305c873", size = 3888071, upload-time = "2026-08-19T13:00:03.134Z" },
    { url = "https://files.pythonhosted.org/packages/a7/ff/23f43ec08ac44a02798508593f2af5c84bbad58db17da3237428577f5b1b/fastexcel-0.21.0-cp314-cp314t-musllinux_1_2_x86_64.whl", hash = "sha256:1a5742e598516734740ef4142cf3328d6ef6c8e43947d9a66d6a91a5d9bfa3ec", size = 4041849, upload-time = "2026-08-19T13:00:05.103Z" },
    { url = "https://files.pythonhosted.org/packages/13/90/4b2614123e185f20e386695771898c97a469f39129472db731a2c3d248ad/fastexcel-0.21.0-cp314-cp314t-win_amd64.whl", hash = "sha256:fe52f6053aac6ff3b8cc879052b671af9cb3ada16853b1c8b4bcac44574e4c10", size = 3311557, upload-time = "2026-08-19T13:00:18.614Z" },
]

[[package]]
name = "index-etfs"
version = "0.1.0"
source = { editable = "." }
dependencies = [
    { name = "fastexcel" },
    { name = "pandas" },
    { name = "polars" },
    { name = "tabulate" },
]

[package.optional-dependencies]
dev = [
    { name = "pytest" },
    { name = "pytest-cov" },
]

[package.dev-dependencies]
dev = [
    { name = "ruff" },
]

[package.metadata]
requires-dist = [
    { name = "fastexcel", specifier = ">=0.14.0" },
    { name = "pandas", specifier = ">=2.3.1" },
    { name = "polars", specifier = ">=1.32.2" },
    { name = "pytest", marker = "extra == 'dev'", specifier = ">=8.0.0" },
    { name = "pytest-cov", marker = "extra == 'dev'", specifier = ">=6.0.0" },
    { name = "tabulate", specifier = ">=0.9.0" },
]
provides-extras = ["dev"]

[package.metadata.requires-dev]
dev = [{ name = "ruff", specifier = ">=0.15.19" }]

[[package]]
name = "iniconfig"
version = "2.3.0"
source = { registry = "https://pypi.org/simple" }
sdist = { url = "https://files.pythonhosted.org/packages/72/34/14ca021ce8e5dfedc35312d08ba8bf51fdd999c576889fc2c24cb97f4f10/iniconfig-2.3.0.tar.gz", hash = "sha256:c76315c77db068650d49c5b56314774a7804df16fee4402c1f19d6d15d8c4730", size = 20503, upload-time = "2025-10-18T21:55:43.219Z" }
wheels = [
    { url = "https://files.pythonhosted.org/packages/cb/b1/3846dd7f199d53cb17f49cba7e651e9ce294d8497c8c150530ed11865bb8/iniconfig-2.3.0-py3-none-any.whl", hash = "sha256:f631c04d2c48c52b84d0d0549c99ff3859c98df65b3101406327ecc7d53fbf12", size = 7484, upload-time = "2025-10-18T21:55:41.639Z" },
]

[[package]]
name = "numpy"
version = "2.5.3"
source = { registry = "https://pypi.org/simple" }
sdist = { url = "https://files.pythonhosted.org/packages/13/01/11703282db468b85f6f7b8c7f22d058de5970d5c7e60a3a8aaa313c3de36/numpy-2.5.3.tar.gz", hash = "sha256:df2d5874ff183595a4ba404edd04f6bd9b5505c1d7708573f6a6c17489a67563", size = 20791231, upload-time = "2026-09-06T16:27:47.073Z" }
wheels = [
    { url = "https://files.pythonhosted.org/packages/70/78/cf416f15dc29375a229d9dfebf8db6e313f291580b39fa1a568b6052bb07/numpy-2.5.3-cp314-cp314-macosx_10_15_x86_64.whl", hash = "sha256:350ba9783ce969cf9f7ce6e6a9a58e1a6e2a19ca025b7ee448c4db727706212a", size = 16998686, upload-time = "2026-09-06T16:25:33.171Z" },
    { url = "https://files.pythonhosted.org/packages/9e/59/abcc2d8def4fd60eec7d87f92d27c13448ffd9ab14339bcc63a0d7a2fdea/numpy-2.5.3-cp314-cp314-macosx_11_0_arm64.whl", hash = "sha256:012e66aca395d795496446e52aeeb5866312a5d4d3f27da270e5a0b43f70dc5c", size = 12013862, upload-time = "2026-09-06T16:25:36.748Z" },
    { url = "https://files.pythonhosted.org/packages/94/75/4640d2d6e4b64a049e48425a82728a41ef4adb61332d2cba68055774878b/numpy-2.5.3-cp314-cp314-macosx_14_0_arm64.whl", hash = "sha256:adc1ada2662f8a5f960b8a10d9986897e7499ef07e06d4cfe7197f8cce923c07", size = 5449793, upload-time = "2026-09-06T16:25:39.476Z" },
    { url = "https://files.pythonhosted.org/packages/96/cd/625b57ae33d4ca560f32cc0b47b4a5922146d9beb998ddf773900d440a73/numpy-2.5.3-cp314-cp314-macosx_14_0_x86_64.whl", hash = "sha256:54a115e5a73b8fc44f0cebef486365a1894b5c9760685d4558b72b7c3eb846e0", size = 6785176, upload-time = "2026-09-06T16:25:42.069Z" },
    { url = "https://files.pythonhosted.org/packages/9c/72/12918652e7912ef9751e8694c88820fcd1908e0618cb23f5f3caa6004b7b/numpy-2.5.3-cp314-cp314-manylinux_2_27_aarch64.manylinux_2_28_aarch64.whl", hash = "sha256:be5a8381859b6da607c84f4f7d6847725f1cf1853ef8a2c9e115b7d58bef47dc", size = 15703377, upload-time = "2026-09-06T16:25:45.135Z" },
    { url = "https://files.pythonhosted.org/packages/45/8f/9beacf79ca7c650688ad0baa80931adb988fe6e6e5d5903c23cc3dbd70eb/numpy-2.5.3-cp314-cp314-manylinux_2_27_x86_64.manylinux_2_28_x86_64.whl", hash = "sha256:b0521d0f4aebb6e06189451025fa17a913287b13c03d5fe05c017333b654ea5b", size = 16711928, upload-time = "2026-09-06T16:25:48.461Z" },
    { url = "https://files.pythonhosted.org/packages/09/8d/41d0a56e1ac4c87495c897a211b1368691b7237aadabec8b3b8f3a74d48f/numpy-2.5.3-cp314-cp314-musllinux_1_2_aarch64.whl", hash = "sha256:9deb49575e5b0b94ed72c8a64ec4d033381adc27e9060ae842971f697ba96104", size = 17059507, upload-time = "2026-09-06T16:25:51.873Z" },
    { url = "https://files.pythonhosted.org/packages/08/1e/0dfbc5cc251d54e2af790f254d24ec38637fa97ec7d5d11de7ffed787098/numpy-2.5.3-cp314-cp314-musllinux_1_2_x86_64.whl", hash = "sha256:b00eefbcf0f292945c4b4dec2ae845389ef5bcdcd596e6e4328051db5b5ba694", size = 18471002, upload-time = "2026-09-06T16:25:55.233Z" },
    { url = "https://files.pythonhosted.org/packages/b5/2c/dfa40f6991f8185c8c30ffd023dfcbb11888e823cfab9557b920f3bb7bed/numpy-2.5.3-cp314-cp314-win32.whl", hash = "sha256:c2381f82999704f818e2c987a865050e285ec3621262c66d40f5a96c8f899f8e", size = 6180485, upload-time = "2026-09-06T16:25:58.157Z" },
    { url = "https://files.pythonhosted.org/packages/a4/73/d2c08231e4fde7e415501fd02c715d96e98599b2d8384445933944152984/numpy-2.5.3-cp314-cp314-win_amd64.whl", hash = "sha256:2c25dfa72943e4336ddb6b0ee4277b47a0c85bede0807530ec68103bf58e2c10", size = 12698179, upload-time = "2026-09-06T16:26:00.789Z" },
    { url = "https://files.pythonhosted.org/packages/5c/e9/dcdcc9b95cf5f49815055573aee1b11cfbf5299f38a180e437ded050810f/numpy-2.5.3-cp314-cp314-win_arm64.whl", hash = "sha256:15aa985ac73a8db02db7663381aa109510449d3819d37206caed27b33a65a8a6", size = 10769383, upload-time = "2026-09-06T16:26:04.011Z" },
    { url = "https://files.pythonhosted.org/packages/49/c4/af8bc08a7ef4e1529a7c0cf24969accce316b783999802089a581ec99272/numpy-2.5.3-cp314-cp314t-macosx_11_0_arm64.whl", hash = "sha256:ac7bb1c52d445bd4f8f7f97fefe6abc3a084dc4d63df50d79b17fa2b78e89297", size = 12132668, upload-time = "2026-09-06T16:26:07.138Z" },
    { url = "https://files.pythonhosted.org/packages/c5/ae/0f15eb56d4ec5e13c1f7ff04ff407f997d1acbadb45d3e1f2e2645a8f43c/numpy-2.5.3-cp314-cp314t-macosx_14_0_arm64.whl", hash = "sha256:e6ab667ba76450084eb64013762c438ea76d9d29cc676dcd6c2e9892ba37f841", size = 5568580, upload-time = "2026-09-06T16:26:09.828Z" },
    { url = "https://files.pythonhosted.org/packages/23/fb/c72a8f25d4b6e96c354e7ab45ace3b27dc11e5d6a13b6c7d0cd6b08bf112/numpy-2.5.3-cp314-cp314t-macosx_14_0_x86_64.whl", hash = "sha256:f7fabeb6cea87d65f3b926de33d03fb016cfdc29314c90974383b5582ae72891", size = 6882634, upload-time = "2026-09-06T16:26:12.524Z" },
    { url = "https://files.pythonhosted.org/packages/07/a9/968c90ed2ab15060c338e8137f1215b5a60756ae07328e0a60d1c6734df4/numpy-2.5.3-cp314-cp314t-manylinux_2_27_aarch64.manylinux_2_28_aarch64.whl", hash = "sha256:1fb6f8fb9ff0b3a69f52c66ce397b0246583e9f28616231b0e32ca49259a5fa6", size = 15748923, upload-time = "2026-09-06T16:26:15.092Z" },
    { url = "https://files.pythonhosted.org/packages/59/08/9df04103947b95e3b6b1f2ed1a70521f325647a31b82da6a2aae3a485508/numpy-2.5.3-cp314-cp314t-manylinux_2_27_x86_64.manylinux_2_28_x86_64.whl", hash = "sha256:93e1f5447e2b1e479d7bd74701e84746b86450cff1fc368b132d195e2b8f8211", size = 16746748, upload-time = "2026-09-06T16:26:18.43Z" },
    { url = "https://files.pythonhosted.org/packages/41/a0/14c8d5fe5b53a334aabb653deb391c0fef49558f491880ea300ed6785224/numpy-2.5.3-cp314-cp314t-musllinux_1_2_aarch64.whl", hash = "sha256:c00abe94c1a69d75d827dcf1c025b25c8a45d230b3bcd77a9020883a1b047653", size = 17111561, upload-time = "2026-09-06T16:26:22.113Z" },
    { url = "https://files.pythonhosted.org/packages/c4/a6/d7e96e42f01522e154c32489640f16dfc4f6181d165d05fc3bec8c2c4999/numpy-2.5.3-cp314-cp314t-musllinux_1_2_x86_64.whl", hash = "sha256:536f963710a4e63934d80ac0dc4f478804a83e9a84b6828018f25d09953ada33", size = 18513945, upload-time = "2026-09-06T16:26:25.401Z" },
    { url = "https://files.pythonhosted.org/packages/25/39/3453afb7119d0449ef11c886874120ff180e2c337760e0e2d88f70f1a945/numpy-2.5.3-cp314-cp314t-win32.whl", hash = "sha256:4c8a6d2ebce6305fd82fbefca827775437147052a976ee7c94b36a0c1b52ac6c", size = 6335421, upload-time = "2026-09-06T16:26:28.175Z" },
    { url = "https://files.pythonhosted.org/packages/99/01/22815d2b19a1a746b1d45205cffebb3fe511a18acb75fba6c88491fc9894/numpy-2.5.3-cp314-cp314t-win_amd64.whl", hash = "sha256:9a37475425b431b4d060f23b4f52cd2f3aef6bc7c654bd760adf0040eec9d435", size = 12896420, upload-time = "2026-09-06T16:26:31.265Z" },
    { url = "https://files.pythonhosted.org/packages/fa/ee/a7cbba67eeaff038dc29ca8b98a88396c8b0cc9c89d4924f4a27a5c9150b/numpy-2.5.3-cp314-cp314t-win_arm64.whl", hash = "sha256:2d8240cb4c16fd831074aa2b2cf9fc54664d826341d61c372245b96a74a49a9a", size = 10857177, upload-time = "2026-09-06T16:26:34.167Z" },
]

[[package]]
name = "packaging"
version = "26.3"
source = { registry = "https://pypi.org/simple" }
sdist = { url = "https://files.pythonhosted.org/packages/7d/fa/3944b40b07da9ce895c0e6303a5ab7d53da063554f534556b134a54d6093/packaging-26.3.tar.gz", hash = "sha256:94edc256424af38762eb31306eed28beb9f0efc50a8837492c9d6fd6004aed79", size = 313412, upload-time = "2026-08-04T18:15:28.737Z" }
wheels = [
    { url = "https://files.pythonhosted.org/packages/63/34/ba1c580383c9eada3711951fef0795c80b829a078d72188184bcab9dd527/packaging-26.3-py3-none-any.whl", hash = "sha256:d7193f7c8e4e93f444fde0262bf90af30e16fa0ad0ad44cb553c87339b23cd1c", size = 129956, upload-time = "2026-08-04T18:15:27.159Z" },
]

[[package]]
name = "pandas"
version = "3.0.5"
source = { registry = "https://pypi.org/simple" }
dependencies = [
    { name = "numpy" },
    { name = "python-dateutil" },
    { name = "tzdata", marker = "sys_platform == 'emscripten' or sys_platform == 'win32'" },
]
sdist = { url = "https://files.pythonhosted.org/packages/be/4f/5f3422a2afec5ffc46308b79e53291365a93748b498ac2e58bead0197916/pandas-3.0.5.tar.gz", hash = "sha256:dca3734d6ab7c906e6730f0788b0a1dbb9f2467731f9711f77995c8e9d62d712", size = 4658219, upload-time = "2026-07-22T22:19:28.819Z" }
wheels = [
    { url = "https://files.pythonhosted.org/packages/51/2f/cf6aae281264f4463f0875bcbb15fd2bb6d291cc535187dad1732475e4a9/pandas-3.0.5-cp314-cp314-macosx_10_15_x86_64.whl", hash = "sha256:2f264fc46911cc8131a7322a16199bbf8e353d27c10bb211f5bd0c814324dc36", size = 10390034, upload-time = "2026-07-22T22:18:49.818Z" },
    { url = "https://files.pythonhosted.org/packages/06/ec/5189518c7a7659c4bdcc6b1eb32c46c6f3c86b0661ffd84143d1112c7732/pandas-3.0.5-cp314-cp314-macosx_11_0_arm64.whl", hash = "sha256:53730687fcd161883b24e10411c06d6a4c0f2275d2faf3bb2bc25deb4ba8007c", size = 9980065, upload-time = "2026-07-22T22:18:52.249Z" },
    { url = "https://files.pythonhosted.org/packages/ea/f1/598503ce8d7e3c35601e0747ba288c7864baae66380725bc12f13f884dfe/pandas-3.0.5-cp314-cp314-manylinux_2_24_aarch64.manylinux_2_28_aarch64.whl", hash = "sha256:960d3ebcf249f75206899fcd2c6de53f736b7265759ced0d3e559df0b8b709b0", size = 10545532, upload-time = "2026-07-22T22:18:54.813Z" },
    { url = "https://files.pythonhosted.org/packages/fa/de/ceae2adf7034e07e9910299fe412e1819c4f0dd520700a888bcb03625448/pandas-3.0.5-cp314-cp314-manylinux_2_24_x86_64.manylinux_2_28_x86_64.whl", hash = "sha256:9e94c2c5ca43bd3ca32bf64d32308887b65e5f9bfd8023ea52755107a999f93b", size = 10963120, upload-time = "2026-07-22T22:18:57.42Z" },
    { url = "https://files.pythonhosted.org/packages/66/25/86e0f4451874eb79e688deeebe3c451fec4557f8952005818d800ee8ac7e/pandas-3.0.5-cp314-cp314-musllinux_1_2_aarch64.whl", hash = "sha256:e819dd5f62966b481a8cb649d3299ebd886a1ea91ed5a99bf7ce77c98d18ab94", size = 11563178, upload-time = "2026-07-22T22:18:59.729Z" },
    { url = "https://files.pythonhosted.org/packages/f3/45/8643daa3b4147e433adfcccefdd0380d3aad79d86b15d8999730fe1944d5/pandas-3.0.5-cp314-cp314-musllinux_1_2_x86_64.whl", hash = "sha256:3c5ed2e7c06e91d340dfd091d7934f9bc82e4a36b95f647f090b9d1c9ac649da", size = 12028708, upload-time = "2026-07-22T22:19:02.164Z" },
    { url = "https://files.pythonhosted.org/packages/96/58/ad979ae617615576e8aafd569c9d4b62f1191d896e38f51d66ba06f3b89a/pandas-3.0.5-cp314-cp314-win_amd64.whl", hash = "sha256:cd8f7c6dc98527058ee6264219343f5392240a6f1bfa654fc5d79023020d0c92", size = 9951806, upload-time = "2026-07-22T22:19:04.596Z" },
    { url = "https://files.pythonhosted.org/packages/69/32/7ac03886b304049a9d2625ee88f59af760d8a93bd30ed9239bce7b9869a8/pandas-3.0.5-cp314-cp314-win_arm64.whl", hash = "sha256:5183427f5a8156d480f30333777bc978be93650a49a7c01db26adffe95b31e85", size = 9238297, upload-time = "2026-07-22T22:19:06.836Z" },
    { url = "https://files.pythonhosted.org/packages/be/ed/1d1f2ee5547d5167face2376d11c8b2a4c7bfff5a416ee7a9046891fab1e/pandas-3.0.5-cp314-cp314t-macosx_10_15_x86_64.whl", hash = "sha256:303da736987d481074ca720ada325f8bd80c64ebc2d45ed79b29df3aaa4a26ca", size = 10849690, upload-time = "2026-07-22T22:19:09.391Z" },
    { url = "https://files.pythonhosted.org/packages/57/55/17e17152e98fbb0c4b1e562bc65387a2f20a80db0f4a86bf8d3a0e4248d4/pandas-3.0.5-cp314-cp314t-macosx_11_0_arm64.whl", hash = "sha256:3b2801bbb049d0136f6c213eae02b5fca969384fc2064dd728d8620552aa49da", size = 10509945, upload-time = "2026-07-22T22:19:11.773Z" },
    { url = "https://files.pythonhosted.org/packages/88/90/817d44dbf83facf9556f33576d9af0a241981e7bb5c00606c0bcb5df8dda/pandas-3.0.5-cp314-cp314t-manylinux_2_24_aarch64.manylinux_2_28_aarch64.whl", hash = "sha256:cce3a9d11d2b1f82c69a27ec1f4948a170e2c403c4bbfa8cca62e3fdebe2ef3a", size = 10392197, upload-time = "2026-07-22T22:19:14.024Z" },
    { url = "https://files.pythonhosted.org/packages/f1/da/889f00c0a6f5aa1545add70abbf01502dff87ab577adb855bd631c54d2f2/pandas-3.0.5-cp314-cp314t-manylinux_2_24_x86_64.manylinux_2_28_x86_64.whl", hash = "sha256:ef01af4d8dc6cd2c8d6c7736f149574ef93fe043811eeb5e445f2647154b5040", size = 10862726, upload-time = "2026-07-22T22:19:16.351Z" },
    { url = "https://files.pythonhosted.org/packages/bc/98/f1e934fb3c98fce859c6147c6785816c7b5b9ab7821115c5d8c4de9842b9/pandas-3.0.5-cp314-cp314t-musllinux_1_2_aarch64.whl", hash = "sha256:e2759e890db96dfcffdbd9b86c3c2cb6afaf58def482820317e06163ec1066cd", size = 11414864, upload-time = "2026-07-22T22:19:18.981Z" },
    { url = "https://files.pythonhosted.org/packages/fe/be/d448af7d657d82e1888dd8551f79c6d6fb161080b5b9752d84d910ec2319/pandas-3.0.5-cp314-cp314t-musllinux_1_2_x86_64.whl", hash = "sha256:b58b1b39d46a5862e3fb18f50d1a201398619d16a0f9f73f57eea5583cf0e63c", size = 11925105, upload-time = "2026-07-22T22:19:21.515Z" },
    { url = "https://files.pythonhosted.org/packages/29/c1/ccb4238212c8c4f496c584f3044d94e0c030ed8e1d68999db46c91c2242f/pandas-3.0.5-cp314-cp314t-win_amd64.whl", hash = "sha256:1c10461f6eeb35d8f05b6184c65c8b9991663b66c46b1d559b682cb34ae7c6ea", size = 10387612, upload-time = "2026-07-22T22:19:24.257Z" },
    { url = "https://files.pythonhosted.org/packages/d2/cf/6a51b2c38980e04c279fd2fa908a1b0982064e860444acfca4ec2e2c8359/pandas-3.0.5-cp314-cp314t-win_arm64.whl", hash = "sha256:3c5015fd1730fbf883647e88068176c839c102cea883ba1769a6f4593bfc1f8c", size = 9509776, upload-time = "2026-07-22T22:19:26.694Z" },
]

[[package]]
name = "pluggy"
version = "1.6.0"
source = { registry = "https://pypi.org/simple" }
sdist = { url = "https://files.pythonhosted.org/packages/f9/e2/3e91f31a7d2b083fe6ef3fa267035b518369d9511ffab804f839851d2779/pluggy-1.6.0.tar.gz", hash = "sha256:7dcc130b76258d33b90f61b658791dede3486c3e6bfb003ee5c9bfb396dd22f3", size = 69412, upload-time = "2025-05-15T12:30:07.975Z" }
wheels = [
    { url = "https://files.pythonhosted.org/packages/54/20/4d324d65cc6d9205fabedc306948156824eb9f0ee1633355a8f7ec5c66bf/pluggy-1.6.0-py3-none-any.whl", hash = "sha256:e920276dd6813095e9377c0bc5566d94c932c33b27a3e3945d8389c374dd4746", size = 20538, upload-time = "2025-05-15T12:30:06.134Z" },
]

[[package]]
name = "polars"
version = "1.44.1"
source = { registry = "https://pypi.org/simple" }
dependencies = [
    { name = "polars-runtime-32" },
]
sdist = { url = "https://files.pythonhosted.org/packages/26/73/258a1fe17bb2744a507199566ed712663144fdd0811b615b59a47dfa38d2/polars-1.44.1.tar.gz", hash = "sha256:ef3c89e9ebbbe8eb343c06873f1945683f8b6f97a1bdf001c60551c6c5e3cda1", size = 765660, upload-time = "2026-08-26T07:09:12.704Z" }
wheels = [
    { url = "https://files.pythonhosted.org/packages/3a/f1/59154659081930fbde291ea6225607956b500a71b0ce45d88217b7d32da2/polars-1.44.1-py3-none-any.whl", hash = "sha256:1fa62fc1c88fba77a68b28291b5aabdd69e5f38b34e59721a064ae3169b59bb5", size = 865208, upload-time = "2026-08-26T07:07:44.646Z" },
]

[[package]]
name = "polars-runtime-32"
version = "1.44.1"
source = { registry = "https://pypi.org/simple" }
sdist = { url = "https://files.pythonhosted.org/packages/fd/b2/2a76415d047a45df05489f2334c91ff120a274cf655d4ca030c7f54a8743/polars_runtime_32-1.44.1.tar.gz", hash = "sha256:abd10a54ed1caff42228610fcba0f93251f9870bd7cffb0c78bc26f5e0718ce4", size = 3171156, upload-time = "2026-08-26T07:09:14.243Z" }
wheels = [
    { url = "https://files.pythonhosted.org/packages/f1/93/ef9344dcec16757cf21027dc907ef989197e50742cfe4407f2e87edb0a7f/polars_runtime_32-1.44.1-cp310-abi3-macosx_10_12_x86_64.whl", hash = "sha256:1dfccb2b52aa50468a7d28e3e61c8338a13fb5bffc8646e388a649f5bdc6b463", size = 53962370, upload-time = "2026-08-26T07:07:47.21Z" },
    { url = "https://files.pythonhosted.org/packages/10/da/38b32b7901af33f1fee2172ceaa39e9159825657920064298917392d78fa/polars_runtime_32-1.44.1-cp310-abi3-macosx_11_0_arm64.whl", hash = "sha256:0580807dc3eed258f0db70bb65d905dd43f0135392119ec25308033ae24258fb", size = 48620468, upload-time = "2026-08-26T07:07:50.436Z" },
    { url = "https://files.pythonhosted.org/packages/49/51/185af877d1d2236671493cf72bd3327a6046240eeea69c0696d1af2a5acb/polars_runtime_32-1.44.1-cp310-abi3-manylinux_2_17_aarch64.manylinux2014_aarch64.whl", hash = "sha256:0627f9aa82cb869725235e5188f698862fd9ada0c8c1cf65c3dc5a49a4a0ec26", size = 52455947, upload-time = "2026-08-26T07:07:53.776Z" },
    { url = "https://files.pythonhosted.org/packages/fc/0a/0858f60cb5a6f8f73ec4cdd73eccd9f748d66bfc23304c5c23fa3468094a/polars_runtime_32-1.44.1-cp310-abi3-manylinux_2_17_x86_64.manylinux2014_x86_64.whl", hash = "sha256:eea4283be8e60822d890dbda20588fe59b4172b508bd5ebf3471e531ca9f50d7", size = 58561262, upload-time = "2026-08-26T07:07:57.508Z" },
    { url = "https://files.pythonhosted.org/packages/73/08/de4774b5612d7c8739f89ac01b601486b4f057b1da35a5b876bf9276fd95/polars_runtime_32-1.44.1-cp310-abi3-musllinux_1_2_aarch64.whl", hash = "sha256:04e2c0f46e7a9906fffb1897f18f23b079b74f83c56b50060bace9e7b9b49b1a", size = 52636064, upload-time = "2026-08-26T07:08:06.337Z" },
    { url = "https://files.pythonhosted.org/packages/98/ac/769c598dd106e2a6647798da3ed25ddeee67f2d12c04f5da316cb3da6360/polars_runtime_32-1.44.1-cp310-abi3-musllinux_1_2_x86_64.whl", hash = "sha256:0956f0cae632d8fad3a04b4315bf2bb69b56d10c83c79a75c2c4c5a13b9ce5cc", size = 56447612, upload-time = "2026-08-26T07:08:12.36Z" },
    { url = "https://files.pythonhosted.org/packages/b2/ee/98408296e15388020b6183323fdbe78ccab4f72c20d8e0d7092c062d3ad2/polars_runtime_32-1.44.1-cp310-abi3-win_amd64.whl", hash = "sha256:159334184e6fbb074c9f4692221ea19970a5e2bed2a479f9d7bdb00b7f3eedb9", size = 53702970, upload-time = "2026-08-26T07:08:15.398Z" },
    { url = "https://files.pythonhosted.org/packages/e9/9d/8b17e075aac73c881a50b6c1f690d20df46db2f3bcabc99f600ecdee1290/polars_runtime_32-1.44.1-cp310-abi3-win_arm64.whl", hash = "sha256:3ba28d638d0513e0b4afbcdab5c0059a85021e5f81d62b5f793e7e23badb2cf7", size = 47281050, upload-time = "2026-08-26T07:08:18.43Z" },
]

[[package]]
name = "pygments"
version = "2.21.0"
source = { registry = "https://pypi.org/simple" }
sdist = { url = "https://files.pythonhosted.org/packages/49/2e/ced460408999b33da6b31b0021b0f37d329e202d4169aeb164493778f25b/pygments-2.21.0.tar.gz", hash = "sha256:610ca751c9bc2492b38eb9a38a7fbc93edbbb2d7182edaf34e66ae493dee5c8c", size = 5005329, upload-time = "2026-08-17T08:02:48.824Z" }
wheels = [
    { url = "https://files.pythonhosted.org/packages/71/46/17f022dd3e953bf20a04a028a21ec746d942f8d2af30fa0f124fa0e6a684/pygments-2.21.0-py3-none-any.whl", hash = "sha256:2363c69b61c4a97c838da3b130dcd6468f4848992b21a82f2a63ec34377137d9", size = 1250147, upload-time = "2026-08-17T08:02:44.912Z" },
]

[[package]]
name = "pytest"
version = "9.1.1"
source = { registry = "https://pypi.org/simple" }
dependencies = [
    { name = "colorama", marker = "sys_platform == 'win32'" },
    { name = "iniconfig" },
    { name = "packaging" },
    { name = "pluggy" },
    { name = "pygments" },
]
sdist = { url = "https://files.pythonhosted.org/packages/e4/47/b9efed96c114afcfa3c9d3fe98a76a1d14c74a9e266d397cf6eb64be5e01/pytest-9.1.1.tar.gz", hash = "sha256:1088fbde8f2b49d95a549a195707afa7a76a3ce9bcadc26b6d71f0ffda5fe313", size = 1636369, upload-time = "2026-06-19T10:58:32.857Z" }
wheels = [
    { url = "https://files.pythonhosted.org/packages/24/25/1de2678b631f5a49215c6c96fff41ba892b0a34df68d6d80292b1b48aa7f/pytest-9.1.1-py3-none-any.whl", hash = "sha256:37a86b45efb9a47a61a36449063e8e18d0cab3161329fc099eb21783169c4f0c", size = 386536, upload-time = "2026-06-19T10:58:31.347Z" },
]

[[package]]
name = "pytest-cov"
version = "7.1.0"
source = { registry = "https://pypi.org/simple" }
dependencies = [
    { name = "coverage" },
    { name = "pluggy" },
    { name = "pytest" },
]
sdist = { url = "https://files.pythonhosted.org/packages/b1/51/a849f96e117386044471c8ec2bd6cfebacda285da9525c9106aeb28da671/pytest_cov-7.1.0.tar.gz", hash = "sha256:30674f2b5f6351aa09702a9c8c364f6a01c27aae0c1366ae8016160d1efc56b2", size = 55592, upload-time = "2026-03-21T20:11:16.284Z" }
wheels = [
    { url = "https://files.pythonhosted.org/packages/9d/7a/d968e294073affff457b041c2be9868a40c1c71f4a35fcc1e45e5493067b/pytest_cov-7.1.0-py3-none-any.whl", hash = "sha256:a0461110b7865f9a271aa1b51e516c9a95de9d696734a2f71e3e78f46e1d4678", size = 22876, upload-time = "2026-03-21T20:11:14.438Z" },
]

[[package]]
name = "python-dateutil"
version = "2.9.0.post0"
source = { registry = "https://pypi.org/simple" }
dependencies = [
    { name = "six" },
]
sdist = { url = "https://files.pythonhosted.org/packages/66/c0/0c8b6ad9f17a802ee498c46e004a0eb49bc148f2fd230864601a86dcf6db/python-dateutil-2.9.0.post0.tar.gz", hash = "sha256:37dd54208da7e1cd875388217d5e00ebd4179249f90fb72437e91a35459a0ad3", size = 342432, upload-time = "2024-03-01T18:36:20.211Z" }
wheels = [
    { url = "https://files.pythonhosted.org/packages/ec/57/56b9bcc3c9c6a792fcbaf139543cee77261f3651ca9da0c93f5c1221264b/python_dateutil-2.9.0.post0-py2.py3-none-any.whl", hash = "sha256:a8b2bc7bffae282281c8140a97d3aa9c14da0b136dfe83f850eea9a5f7470427", size = 229892, upload-time = "2024-03-01T18:36:18.57Z" },
]

[[package]]
name = "ruff"
version = "0.16.6"
source = { registry = "https://pypi.org/simple" }
sdist = { url = "https://files.pythonhosted.org/packages/a4/7c/6adb35d70e7c027e308274557901c7e00fb3407750faf3620c184ae058cb/ruff-0.16.6.tar.gz", hash = "sha256:dcf8a73d2ff77e99dde91244b4da16feba7f14e6beeb4015dee7c5a909e99050", size = 4921251, upload-time = "2026-09-03T16:57:29.037Z" }
wheels = [
    { url = "https://files.pythonhosted.org/packages/a4/28/9cc1b79639e284ec103f43c88c644db4eb58cbd0ea1ca11f1193435369ac/ruff-0.16.6-py3-none-linux_armv6l.whl", hash = "sha256:61c368c26bf8e973e5ab14a2772de587bc068ea3f9a277f673380749b4898fb8", size = 10015638, upload-time = "2026-09-03T16:56:40.986Z" },
    { url = "https://files.pythonhosted.org/packages/71/11/627d342ef727ea7794edf74fe23d60a074b02c3acc2e9436684e782286ca/ruff-0.16.6-py3-none-macosx_10_12_x86_64.whl", hash = "sha256:ecf4f068e2e123e43a26e9db4e19524cc56563912404e83bbfca375757e45a32", size = 10220762, upload-time = "2026-09-03T16:56:44.681Z" },
    { url = "https://files.pythonhosted.org/packages/43/d9/b75668ce41e4c8d073d18d6d08672ba6906ce45d5c06ea4fdb2e84ce3853/ruff-0.16.6-py3-none-macosx_11_0_arm64.whl", hash = "sha256:99b62ea33baf130f50368798d841f0d95527b6d817bf31817b65dd058f1d314c", size = 9835082, upload-time = "2026-09-03T16:56:47.142Z" },
    { url = "https://files.pythonhosted.org/packages/99/97/123ab10b05cde889c107c20f5a9774955104b5552796a2a8584b089ae8eb/ruff-0.16.6-py3-none-manylinux_2_17_aarch64.manylinux2014_aarch64.whl", hash = "sha256:7fbf89013f2bb3f6835a6038ff658dc8a1b38c98dc8e724b964168ad4e881876", size = 9949304, upload-time = "2026-09-03T16:56:49.813Z" },
    { url = "https://files.pythonhosted.org/packages/3e/58/a4a2c59dd2e5b85929c912d9cac3056eb9ee8c7e75e9b9fe3e109174966b/ruff-0.16.6-py3-none-manylinux_2_17_armv7l.manylinux2014_armv7l.whl", hash = "sha256:56a67065e22efa6bc4d498299d3bb06c0c90aace8fac2068b5a12f9dc4d8d51d", size = 9840612, upload-time = "2026-09-03T16:56:52.368Z" },
    { url = "https://files.pythonhosted.org/packages/61/6a/ff8c8626a786c4f49d48ced4a752dadbca65f5263005f9c2416578194694/ruff-0.16.6-py3-none-manylinux_2_17_i686.manylinux2014_i686.whl", hash = "sha256:e25cc89174874b176a157e4428d66761c2c0c006654419bf384f967f361ff1b1", size = 10543465, upload-time = "2026-09-03T16:56:55.089Z" },
    { url = "https://files.pythonhosted.org/packages/ad/bb/c47535923365f337b82e28192e4e9eef2176511007cfd99a62fc22df5dad/ruff-0.16.6-py3-none-manylinux_2_17_ppc64le.manylinux2014_ppc64le.whl", hash = "sha256:0700580ed5303723cb3c11c2f1d2a8913ce77b7ea86646dddb887f5417a9ba70", size = 11267576, upload-time = "2026-09-03T16:56:57.791Z" },
    { url = "https://files.pythonhosted.org/packages/ba/50/e5119a5212b5cd63b51e1f4b25e7bd636a6668fc069a3160b108ad7e3c16/ruff-0.16.6-py3-none-manylinux_2_17_s390x.manylinux2014_s390x.whl", hash = "sha256:15f1d0b6e165a6e56567befb6629f8209271311d990bae0f37e6d065035ef5f3", size = 10781993, upload-time = "2026-09-03T16:57:00.666Z" },
    { url = "https://files.pythonhosted.org/packages/8b/98/083d8b4ef3c51a0d19db84367791cbe9f44e4b53343d19dfa83556e1cd9a/ruff-0.16.6-py3-none-manylinux_2_17_x86_64.manylinux2014_x86_64.whl", hash = "sha256:d72c591a96986ee4268860e2b7235082129ca5e4cb9cbba653a4b57c11893757", size = 10317748, upload-time = "2026-09-03T16:57:03.428Z" },
    { url = "https://files.pythonhosted.org/packages/9a/29/68f7ff2c5ad95f19f00627ac2de95644e25fe47371ea60b2db1fd952315e/ruff-0.16.6-py3-none-manylinux_2_31_riscv64.whl", hash = "sha256:65a006baa18f33324325814c864daef03541d51564b98c517610ea756ab7003e", size = 10540096, upload-time = "2026-09-03T16:57:06.182Z" },
    { url = "https://files.pythonhosted.org/packages/c4/f9/79a8f6de85968641d68a7863aeec577551924ef066a990a48ff93167beab/ruff-0.16.6-py3-none-musllinux_1_2_aarch64.whl", hash = "sha256:cd02a7bf1a21a8735228a3e8c95a9dc5cf86bd2a52194f4aaae2a5755b4de0f4", size = 10100494, upload-time = "2026-09-03T16:57:09.194Z" },
    { url = "https://files.pythonhosted.org/packages/d9/e8/b81a22d9b90c00b892ccf2fa2ac36fa95de4c13ab85aea3e73795cfe4651/ruff-0.16.6-py3-none-musllinux_1_2_armv7l.whl", hash = "sha256:31b36f1e5ad85e0737f09d2be4e512e2e283583c14015da3b9dc07359ac0fc88", size = 9843663, upload-time = "2026-09-03T16:57:12.168Z" },
    { url = "https://files.pythonhosted.org/packages/39/aa/54f516ec5e5a11c4afdceb1c454ebb054ffb96e4f4a1705580b4346abd35/ruff-0.16.6-py3-none-musllinux_1_2_i686.whl", hash = "sha256:61029b4ab4aa723fd3064fab96b1d814492596bf0c792679fffcbde1e1679953", size = 10282461, upload-time = "2026-09-03T16:57:15.077Z" },
    { url = "https://files.pythonhosted.org/packages/52/0b/38d0aa8aa32372b96dc44f97b22e576c4147808271aab7b2cb1e353d4445/ruff-0.16.6-py3-none-musllinux_1_2_x86_64.whl", hash = "sha256:9ac8998457832c2061709d900856b7ad271dace0cb41f346588d540162bfa718", size = 10728808, upload-time = "2026-09-03T16:57:17.797Z" },
    { url = "https://files.pythonhosted.org/packages/5e/e5/9e274e24eeb027640ffc7442f21239f16d17f47acec15ae34f32e03a5c79/ruff-0.16.6-py3-none-win32.whl", hash = "sha256:0b87d9d16fcb63e8018423ca1d50b7260f15cb2da33e30db4baad4183a948c25", size = 10049212, upload-time = "2026-09-03T16:57:20.55Z" },
    { url = "https://files.pythonhosted.org/packages/22/31/72472449414223ed1a2da236b992adbb1a2ae59e34794574810f60ce068e/ruff-0.16.6-py3-none-win_amd64.whl", hash = "sha256:10d21c51c3495d8eaea7b703a16592117ea6eb1d649e36335aa965ff1173eb39", size = 10556402, upload-time = "2026-09-03T16:57:23.501Z" },
    { url = "https://files.pythonhosted.org/packages/fc/07/d781f8f8e1ac24bef9f3269cf62ffb1407ca24c3a8f12e5e22874f90528c/ruff-0.16.6-py3-none-win_arm64.whl", hash = "sha256:7a976c79b958f94e50a022a19f0f8c87387448020935ec14fc74331bd0a7f2c5", size = 10412850, upload-time = "2026-09-03T16:57:26.416Z" },
]

[[package]]
name = "six"
version = "1.17.0"
source = { registry = "https://pypi.org/simple" }
sdist = { url = "https://files.pythonhosted.org/packages/94/e7/b2c673351809dca68a0e064b6af791aa332cf192da575fd474ed7d6f16a2/six-1.17.0.tar.gz", hash = "sha256:ff70335d468e7eb6ec65b95b99d3a2836546063f63acc5171de367e834932a81", size = 34031, upload-time = "2024-12-04T17:35:28.174Z" }
wheels = [
    { url = "https://files.pythonhosted.org/packages/b7/ce/149a00dd41f10bc29e5921b496af8b574d8413afcd5e30dfa0ed46c2cc5e/six-1.17.0-py2.py3-none-any.whl", hash = "sha256:4721f391ed90541fddacab5acf947aa0d3dc7d27b2e1e8eda2be8970586c3274", size = 11050, upload-time = "2024-12-04T17:35:26.475Z" },
]

[[package]]
name = "tabulate"
version = "0.10.0"
source = { registry = "https://pypi.org/simple" }
sdist = { url = "https://files.pythonhosted.org/packages/46/58/8c37dea7bbf769b20d58e7ace7e5edfe65b849442b00ffcdd56be88697c6/tabulate-0.10.0.tar.gz", hash = "sha256:e2cfde8f79420f6deeffdeda9aaec3b6bc5abce947655d17ac662b126e48a60d", size = 91754, upload-time = "2026-03-04T18:55:34.402Z" }
wheels = [
    { url = "https://files.pythonhosted.org/packages/99/55/db07de81b5c630da5cbf5c7df646580ca26dfaefa593667fc6f2fe016d2e/tabulate-0.10.0-py3-none-any.whl", hash = "sha256:f0b0622e567335c8fabaaa659f1b33bcb6ddfe2e496071b743aa113f8774f2d3", size = 39814, upload-time = "2026-03-04T18:55:31.284Z" },
]

[[package]]
name = "tzdata"
version = "2026.3"
source = { registry = "https://pypi.org/simple" }
sdist = { url = "https://files.pythonhosted.org/packages/92/ff/5a28bdfd8c3ebec42564ac7d0e54ca3db65044a9314a97f9564fa7a1e926/tzdata-2026.3.tar.gz", hash = "sha256:4a1518b8993086a7982523e071643f3c0e5f213e75b21318e78bcabfff9d1415", size = 198674, upload-time = "2026-07-10T08:50:37.887Z" }
wheels = [
    { url = "https://files.pythonhosted.org/packages/e5/6d/b53b99a9f2766d095985947a5782f1702cabb129a34f7a802d7197af832f/tzdata-2026.3-py2.py3-none-any.whl", hash = "sha256:dc096730c87af6cab1b171c9d532be840741ff5d459015e7f6947bd7d7e54931", size = 348168, upload-time = "2026-07-10T08:50:36.46Z" },
]
